
Microsoft Visual Studio Solution File, Format Version 12.00
# Visual Studio Version 17
VisualStudioVersion = 17.0.32014.148
MinimumVisualStudioVersion = 10.0.40219.1
Project("{9A19103F-16F7-4668-BE54-9A1E7A4F7556}") = "databasecontroller", "databasecontroller.csproj", "{9B36049D-6944-4F52-9D98-9990E4F3820A}"
EndProject
Global
	GlobalSection(SolutionConfigurationPlatforms) = preSolution
		Debug|Any CPU = Debug|Any CPU
		Release|Any CPU = Release|Any CPU
	EndGlobalSection
	GlobalSection(ProjectConfigurationPlatforms) = postSolution
		{9B36049D-6944-4F52-9D98-9990E4F3820A}.Debug|Any CPU.ActiveCfg = Debug|Any CPU
		{9B36049D-6944-4F52-9D98-9990E4F3820A}.Debug|Any CPU.Build.0 = Debug|Any CPU
		{9B36049D-6944-4F52-9D98-9990E4F3820A}.Release|Any CPU.ActiveCfg = Release|Any CPU
		{9B36049D-6944-4F52-9D98-9990E4F3820A}.Release|Any CPU.Build.0 = Release|Any CPU
	EndGlobalSection
	GlobalSection(SolutionProperties) = preSolution
		HideSolutionNode = FALSE
	EndGlobalSection
	GlobalSection(ExtensibilityGlobals) = postSolution
		SolutionGuid = {C4B6D950-C195-4165-A267-9CD19F52ECD9}
	EndGlobalSection
EndGlobal
